{
  "name": "XN-Music",
  "lockfileVersion": 2,
  "requires": true,
  "packages": {
    "": {
      "dependencies": {
        "@vant/weapp": "^1.11.1",
        "hy-event-store": "^1.3.1",
        "underscore": "^1.13.6"
      }
    },
    "node_modules/@vant/weapp": {
      "version": "1.11.1",
      "resolved": "https://registry.npmjs.org/@vant/weapp/-/weapp-1.11.1.tgz",
      "integrity": "sha512-2QddSq3MsozbTBAgEmW1rhzsEJNWPF2VS427M5pOOn0a7/f6lW+tymwdTcOQCzQONavhFwBv6Lebbs/UjE3Yig=="
    },
    "node_modules/hy-event-store": {
      "version": "1.3.1",
      "resolved": "https://registry.npmjs.org/hy-event-store/-/hy-event-store-1.3.1.tgz",
      "integrity": "sha512-uD+14mz4ONiAs9cX/csjUJ2pHTPFciE3JvIbZ+lsbaXopZWbnETEjwJ0a4l5GqNGcltcW3gJjlnUXCJPBoABfg=="
    },
    "node_modules/underscore": {
      "version": "1.13.6",
      "resolved": "https://registry.npmjs.org/underscore/-/underscore-1.13.6.tgz",
      "integrity": "sha512-+A5Sja4HP1M08MaXya7p5LvjuM7K6q/2EaC0+iovj/wOcMsTzMvDFbasi/oSapiwOlt252IqsKqPjCl7huKS0A=="
    }
  },
  "dependencies": {
    "@vant/weapp": {
      "version": "1.11.1",
      "resolved": "https://registry.npmjs.org/@vant/weapp/-/weapp-1.11.1.tgz",
      "integrity": "sha512-2QddSq3MsozbTBAgEmW1rhzsEJNWPF2VS427M5pOOn0a7/f6lW+tymwdTcOQCzQONavhFwBv6Lebbs/UjE3Yig=="
    },
    "hy-event-store": {
      "version": "1.3.1",
      "resolved": "https://registry.npmjs.org/hy-event-store/-/hy-event-store-1.3.1.tgz",
      "integrity": "sha512-uD+14mz4ONiAs9cX/csjUJ2pHTPFciE3JvIbZ+lsbaXopZWbnETEjwJ0a4l5GqNGcltcW3gJjlnUXCJPBoABfg=="
    },
    "underscore": {
      "version": "1.13.6",
      "resolved": "https://registry.npmjs.org/underscore/-/underscore-1.13.6.tgz",
      "integrity": "sha512-+A5Sja4HP1M08MaXya7p5LvjuM7K6q/2EaC0+iovj/wOcMsTzMvDFbasi/oSapiwOlt252IqsKqPjCl7huKS0A=="
    }
  }
}
